
Microsoft Visual Studio Solution File, Format Version 12.00
# Visual Studio 2013
VisualStudioVersion = 12.0.31101.0
MinimumVisualStudioVersion = 10.0.40219.1
Project("{2150E333-8FDC-42A3-9474-1A3956D46DE8}") = "Servidor", "Servidor", "{474CC33C-42D0-4425-8F2C-3A8146FADE9E}"
EndProject
Project("{FAE04EC0-301F-11D3-BF4B-00C04F79EFBC}") = "PersistenciaDatos", "PersistenciaDatos\PersistenciaDatos.csproj", "{6022FEB9-D289-4333-91E9-45D2189A0C08}"
EndProject
Project("{FAE04EC0-301F-11D3-BF4B-00C04F79EFBC}") = "Dominio", "Dominio\Dominio.csproj", "{69B1779B-DE54-4EA3-B0EC-B3EF92DE3C9E}"
EndProject
Project("{FAE04EC0-301F-11D3-BF4B-00C04F79EFBC}") = "LogicaDeNegocios", "LogicaDeNegocios\LogicaDeNegocios.csproj", "{ADA46970-D0E3-4606-A5DD-D8FA670CDCD9}"
EndProject
Project("{FAE04EC0-301F-11D3-BF4B-00C04F79EFBC}") = "ManejoErrores", "ManejoErrores\ManejoErrores.csproj", "{3D0E40B5-DE1D-4503-BED2-450911C84977}"
EndProject
Project("{FAE04EC0-301F-11D3-BF4B-00C04F79EFBC}") = "ServiciosWCF", "ServiciosWCF\ServiciosWCF.csproj", "{788F0E5A-9D29-412D-BD6A-131256D749D1}"
EndProject
Project("{2150E333-8FDC-42A3-9474-1A3956D46DE8}") = "Cliente", "Cliente", "{C3055686-AFE7-45FC-A1A2-3F1DE7B53C08}"
EndProject
Project("{FAE04EC0-301F-11D3-BF4B-00C04F79EFBC}") = "HostalDB_View", "HostalDB_View\HostalDB_View.csproj", "{16A816DF-116A-4DDF-9660-6556F4E28784}"
	ProjectSection(ProjectDependencies) = postProject
		{0BBDBA7F-555B-45F8-9616-E78669DB85BF} = {0BBDBA7F-555B-45F8-9616-E78669DB85BF}
	EndProjectSection
EndProject
Project("{FAE04EC0-301F-11D3-BF4B-00C04F79EFBC}") = "HostalDB_View.Web", "HostalDB_View.Web\HostalDB_View.Web.csproj", "{0BBDBA7F-555B-45F8-9616-E78669DB85BF}"
EndProject
Project("{FAE04EC0-301F-11D3-BF4B-00C04F79EFBC}") = "HostalDB_ViewModel", "HostalDB_ViewModel\HostalDB_ViewModel.csproj", "{D3E76DB8-A4A3-42AD-831A-1AD89A160A05}"
	ProjectSection(ProjectDependencies) = postProject
		{788F0E5A-9D29-412D-BD6A-131256D749D1} = {788F0E5A-9D29-412D-BD6A-131256D749D1}
	EndProjectSection
EndProject
Global
	GlobalSection(SolutionConfigurationPlatforms) = preSolution
		Debug|Any CPU = Debug|Any CPU
		Release|Any CPU = Release|Any CPU
	EndGlobalSection
	GlobalSection(ProjectConfigurationPlatforms) = postSolution
		{6022FEB9-D289-4333-91E9-45D2189A0C08}.Debug|Any CPU.ActiveCfg = Debug|Any CPU
		{6022FEB9-D289-4333-91E9-45D2189A0C08}.Debug|Any CPU.Build.0 = Debug|Any CPU
		{6022FEB9-D289-4333-91E9-45D2189A0C08}.Release|Any CPU.ActiveCfg = Release|Any CPU
		{6022FEB9-D289-4333-91E9-45D2189A0C08}.Release|Any CPU.Build.0 = Release|Any CPU
		{69B1779B-DE54-4EA3-B0EC-B3EF92DE3C9E}.Debug|Any CPU.ActiveCfg = Debug|Any CPU
		{69B1779B-DE54-4EA3-B0EC-B3EF92DE3C9E}.Debug|Any CPU.Build.0 = Debug|Any CPU
		{69B1779B-DE54-4EA3-B0EC-B3EF92DE3C9E}.Release|Any CPU.ActiveCfg = Release|Any CPU
		{69B1779B-DE54-4EA3-B0EC-B3EF92DE3C9E}.Release|Any CPU.Build.0 = Release|Any CPU
		{ADA46970-D0E3-4606-A5DD-D8FA670CDCD9}.Debug|Any CPU.ActiveCfg = Debug|Any CPU
		{ADA46970-D0E3-4606-A5DD-D8FA670CDCD9}.Debug|Any CPU.Build.0 = Debug|Any CPU
		{ADA46970-D0E3-4606-A5DD-D8FA670CDCD9}.Release|Any CPU.ActiveCfg = Release|Any CPU
		{ADA46970-D0E3-4606-A5DD-D8FA670CDCD9}.Release|Any CPU.Build.0 = Release|Any CPU
		{3D0E40B5-DE1D-4503-BED2-450911C84977}.Debug|Any CPU.ActiveCfg = Debug|Any CPU
		{3D0E40B5-DE1D-4503-BED2-450911C84977}.Debug|Any CPU.Build.0 = Debug|Any CPU
		{3D0E40B5-DE1D-4503-BED2-450911C84977}.Release|Any CPU.ActiveCfg = Release|Any CPU
		{3D0E40B5-DE1D-4503-BED2-450911C84977}.Release|Any CPU.Build.0 = Release|Any CPU
		{788F0E5A-9D29-412D-BD6A-131256D749D1}.Debug|Any CPU.ActiveCfg = Debug|Any CPU
		{788F0E5A-9D29-412D-BD6A-131256D749D1}.Debug|Any CPU.Build.0 = Debug|Any CPU
		{788F0E5A-9D29-412D-BD6A-131256D749D1}.Release|Any CPU.ActiveCfg = Release|Any CPU
		{788F0E5A-9D29-412D-BD6A-131256D749D1}.Release|Any CPU.Build.0 = Release|Any CPU
		{16A816DF-116A-4DDF-9660-6556F4E28784}.Debug|Any CPU.ActiveCfg = Debug|Any CPU
		{16A816DF-116A-4DDF-9660-6556F4E28784}.Debug|Any CPU.Build.0 = Debug|Any CPU
		{16A816DF-116A-4DDF-9660-6556F4E28784}.Release|Any CPU.ActiveCfg = Release|Any CPU
		{16A816DF-116A-4DDF-9660-6556F4E28784}.Release|Any CPU.Build.0 = Release|Any CPU
		{0BBDBA7F-555B-45F8-9616-E78669DB85BF}.Debug|Any CPU.ActiveCfg = Debug|Any CPU
		{0BBDBA7F-555B-45F8-9616-E78669DB85BF}.Debug|Any CPU.Build.0 = Debug|Any CPU
		{0BBDBA7F-555B-45F8-9616-E78669DB85BF}.Release|Any CPU.ActiveCfg = Release|Any CPU
		{0BBDBA7F-555B-45F8-9616-E78669DB85BF}.Release|Any CPU.Build.0 = Release|Any CPU
		{D3E76DB8-A4A3-42AD-831A-1AD89A160A05}.Debug|Any CPU.ActiveCfg = Debug|Any CPU
		{D3E76DB8-A4A3-42AD-831A-1AD89A160A05}.Debug|Any CPU.Build.0 = Debug|Any CPU
		{D3E76DB8-A4A3-42AD-831A-1AD89A160A05}.Release|Any CPU.ActiveCfg = Release|Any CPU
		{D3E76DB8-A4A3-42AD-831A-1AD89A160A05}.Release|Any CPU.Build.0 = Release|Any CPU
	EndGlobalSection
	GlobalSection(SolutionProperties) = preSolution
		HideSolutionNode = FALSE
	EndGlobalSection
	GlobalSection(NestedProjects) = preSolution
		{6022FEB9-D289-4333-91E9-45D2189A0C08} = {474CC33C-42D0-4425-8F2C-3A8146FADE9E}
		{69B1779B-DE54-4EA3-B0EC-B3EF92DE3C9E} = {474CC33C-42D0-4425-8F2C-3A8146FADE9E}
		{ADA46970-D0E3-4606-A5DD-D8FA670CDCD9} = {474CC33C-42D0-4425-8F2C-3A8146FADE9E}
		{3D0E40B5-DE1D-4503-BED2-450911C84977} = {474CC33C-42D0-4425-8F2C-3A8146FADE9E}
		{788F0E5A-9D29-412D-BD6A-131256D749D1} = {474CC33C-42D0-4425-8F2C-3A8146FADE9E}
		{16A816DF-116A-4DDF-9660-6556F4E28784} = {C3055686-AFE7-45FC-A1A2-3F1DE7B53C08}
		{0BBDBA7F-555B-45F8-9616-E78669DB85BF} = {C3055686-AFE7-45FC-A1A2-3F1DE7B53C08}
		{D3E76DB8-A4A3-42AD-831A-1AD89A160A05} = {C3055686-AFE7-45FC-A1A2-3F1DE7B53C08}
	EndGlobalSection
EndGlobal
